
Microsoft Visual Studio Solution File, Format Version 12.00
# Visual Studio Version 16
VisualStudioVersion = 16.0.30104.148
MinimumVisualStudioVersion = 10.0.40219.1
Project("{9A19103F-16F7-4668-BE54-9A1E7A4F7556}") = "WeatherTool.ConsoleApp", "WeatherTool.ConsoleApp.csproj", "{F6899C04-F0A7-4CB4-9620-874DA12B239A}"
EndProject
Project("{FAE04EC0-301F-11D3-BF4B-00C04F79EFBC}") = "WeatherTool.ConsoleAPP.Test", "..\WeatherTool.ConsoleAPP.Test\WeatherTool.ConsoleAPP.Test.csproj", "{991C3624-9405-4EC9-BFA1-9D623846232A}"
EndProject
Global
	GlobalSection(SolutionConfigurationPlatforms) = preSolution
		Debug|Any CPU = Debug|Any CPU
		Release|Any CPU = Release|Any CPU
	EndGlobalSection
	GlobalSection(ProjectConfigurationPlatforms) = postSolution
		{F6899C04-F0A7-4CB4-9620-874DA12B239A}.Debug|Any CPU.ActiveCfg = Debug|Any CPU
		{F6899C04-F0A7-4CB4-9620-874DA12B239A}.Debug|Any CPU.Build.0 = Debug|Any CPU
		{F6899C04-F0A7-4CB4-9620-874DA12B239A}.Release|Any CPU.ActiveCfg = Release|Any CPU
		{F6899C04-F0A7-4CB4-9620-874DA12B239A}.Release|Any CPU.Build.0 = Release|Any CPU
		{991C3624-9405-4EC9-BFA1-9D623846232A}.Debug|Any CPU.ActiveCfg = Debug|Any CPU
		{991C3624-9405-4EC9-BFA1-9D623846232A}.Debug|Any CPU.Build.0 = Debug|Any CPU
		{991C3624-9405-4EC9-BFA1-9D623846232A}.Release|Any CPU.ActiveCfg = Release|Any CPU
		{991C3624-9405-4EC9-BFA1-9D623846232A}.Release|Any CPU.Build.0 = Release|Any CPU
	EndGlobalSection
	GlobalSection(SolutionProperties) = preSolution
		HideSolutionNode = FALSE
	EndGlobalSection
	GlobalSection(ExtensibilityGlobals) = postSolution
		SolutionGuid = {A93A53A7-A393-45F6-A11A-A79290BD7A35}
	EndGlobalSection
EndGlobal
